// !$*UTF8*$!
{
	archiveVersion = 1;
	classes = {
	};
	objectVersion = 51;
	objects = {

/* Begin PBXBuildFile section */
		0415F51526D4E93200632999 /* AddMemoRouter.swift in Sources */ = {isa = PBXBuildFile; fileRef = 0415F51026D4E93200632999 /* AddMemoRouter.swift */; };
		0415F51626D4E93200632999 /* AddMemoViewController.storyboard in Resources */ = {isa = PBXBuildFile; fileRef = 0415F51126D4E93200632999 /* AddMemoViewController.storyboard */; };
		0415F51726D4E93200632999 /* AddMemoViewController.swift in Sources */ = {isa = PBXBuildFile; fileRef = 0415F51226D4E93200632999 /* AddMemoViewController.swift */; };
		0415F51826D4E93200632999 /* AddMemoBuilder.swift in Sources */ = {isa = PBXBuildFile; fileRef = 0415F51326D4E93200632999 /* AddMemoBuilder.swift */; };
		0415F51926D4E93200632999 /* AddMemoInteractor.swift in Sources */ = {isa = PBXBuildFile; fileRef = 0415F51426D4E93200632999 /* AddMemoInteractor.swift */; };
		0469108326D4888400CBDB12 /* RootComponent + LoggedIn.swift in Sources */ = {isa = PBXBuildFile; fileRef = 0469108226D4888400CBDB12 /* RootComponent + LoggedIn.swift */; };
		0469108726D4889B00CBDB12 /* LoggedInRouter.swift in Sources */ = {isa = PBXBuildFile; fileRef = 0469108426D4889B00CBDB12 /* LoggedInRouter.swift */; };
		0469108826D4889B00CBDB12 /* LoggedInBuilder.swift in Sources */ = {isa = PBXBuildFile; fileRef = 0469108526D4889B00CBDB12 /* LoggedInBuilder.swift */; };
		0469108926D4889B00CBDB12 /* LoggedInInteractor.swift in Sources */ = {isa = PBXBuildFile; fileRef = 0469108626D4889B00CBDB12 /* LoggedInInteractor.swift */; };
		0469109926D48E4100CBDB12 /* MemoRouter.swift in Sources */ = {isa = PBXBuildFile; fileRef = 0469109426D48E4100CBDB12 /* MemoRouter.swift */; };
		0469109A26D48E4100CBDB12 /* MemoViewController.storyboard in Resources */ = {isa = PBXBuildFile; fileRef = 0469109526D48E4100CBDB12 /* MemoViewController.storyboard */; };
		0469109B26D48E4100CBDB12 /* MemoViewController.swift in Sources */ = {isa = PBXBuildFile; fileRef = 0469109626D48E4100CBDB12 /* MemoViewController.swift */; };
		0469109C26D48E4100CBDB12 /* MemoBuilder.swift in Sources */ = {isa = PBXBuildFile; fileRef = 0469109726D48E4100CBDB12 /* MemoBuilder.swift */; };
		0469109D26D48E4100CBDB12 /* MemoInteractor.swift in Sources */ = {isa = PBXBuildFile; fileRef = 0469109826D48E4100CBDB12 /* MemoInteractor.swift */; };
		0469109F26D48F4400CBDB12 /* LoggedInComponent + Memo.swift in Sources */ = {isa = PBXBuildFile; fileRef = 0469109E26D48F4400CBDB12 /* LoggedInComponent + Memo.swift */; };
		046910A126D4930D00CBDB12 /* StoryboardInstantiate.swift in Sources */ = {isa = PBXBuildFile; fileRef = 046910A026D4930D00CBDB12 /* StoryboardInstantiate.swift */; };
		046910A326D49D2B00CBDB12 /* Extension + UINavigationController.swift in Sources */ = {isa = PBXBuildFile; fileRef = 046910A226D49D2B00CBDB12 /* Extension + UINavigationController.swift */; };
		046910A526D49FDA00CBDB12 /* Memo.swift in Sources */ = {isa = PBXBuildFile; fileRef = 046910A426D49FDA00CBDB12 /* Memo.swift */; };
		046910A726D4A01E00CBDB12 /* MemoTableViewCell.swift in Sources */ = {isa = PBXBuildFile; fileRef = 046910A626D4A01E00CBDB12 /* MemoTableViewCell.swift */; };
		046910AA26D4B61D00CBDB12 /* MemoData.swift in Sources */ = {isa = PBXBuildFile; fileRef = 046910A926D4B61D00CBDB12 /* MemoData.swift */; };
		04AE51DC26CCD25C00174D96 /* AppDelegate.swift in Sources */ = {isa = PBXBuildFile; fileRef = 04AE51DB26CCD25C00174D96 /* AppDelegate.swift */; };
		04AE51DE26CCD25C00174D96 /* SceneDelegate.swift in Sources */ = {isa = PBXBuildFile; fileRef = 04AE51DD26CCD25C00174D96 /* SceneDelegate.swift */; };
		04AE51E526CCD26400174D96 /* Assets.xcassets in Resources */ = {isa = PBXBuildFile; fileRef = 04AE51E426CCD26400174D96 /* Assets.xcassets */; };
		04AE51E826CCD26400174D96 /* LaunchScreen.storyboard in Resources */ = {isa = PBXBuildFile; fileRef = 04AE51E626CCD26400174D96 /* LaunchScreen.storyboard */; };
		04AE51F426CCD62300174D96 /* LoggedOutRouter.swift in Sources */ = {isa = PBXBuildFile; fileRef = 04AE51EF26CCD62300174D96 /* LoggedOutRouter.swift */; };
		04AE51F526CCD62300174D96 /* LoggedOutViewController.storyboard in Resources */ = {isa = PBXBuildFile; fileRef = 04AE51F026CCD62300174D96 /* LoggedOutViewController.storyboard */; };
		04AE51F626CCD62300174D96 /* LoggedOutViewController.swift in Sources */ = {isa = PBXBuildFile; fileRef = 04AE51F126CCD62300174D96 /* LoggedOutViewController.swift */; };
		04AE51F726CCD62300174D96 /* LoggedOutBuilder.swift in Sources */ = {isa = PBXBuildFile; fileRef = 04AE51F226CCD62300174D96 /* LoggedOutBuilder.swift */; };
		04AE51F826CCD62300174D96 /* LoggedOutInteractor.swift in Sources */ = {isa = PBXBuildFile; fileRef = 04AE51F326CCD62300174D96 /* LoggedOutInteractor.swift */; };
		04AE520926CCDF1700174D96 /* AppComponent.swift in Sources */ = {isa = PBXBuildFile; fileRef = 04AE520826CCDF1700174D96 /* AppComponent.swift */; };
		04AE521E26CCF77000174D96 /* RootRouter.swift in Sources */ = {isa = PBXBuildFile; fileRef = 04AE521A26CCF77000174D96 /* RootRouter.swift */; };
		04AE521F26CCF77000174D96 /* RootViewController.swift in Sources */ = {isa = PBXBuildFile; fileRef = 04AE521B26CCF77000174D96 /* RootViewController.swift */; };
		04AE522026CCF77000174D96 /* RootBuilder.swift in Sources */ = {isa = PBXBuildFile; fileRef = 04AE521C26CCF77000174D96 /* RootBuilder.swift */; };
		04AE522126CCF77000174D96 /* RootInteractor.swift in Sources */ = {isa = PBXBuildFile; fileRef = 04AE521D26CCF77000174D96 /* RootInteractor.swift */; };
		04AE522326CCF7A500174D96 /* RootComponent + LoggedOut.swift in Sources */ = {isa = PBXBuildFile; fileRef = 04AE522226CCF7A500174D96 /* RootComponent + LoggedOut.swift */; };
		886827D848E8F4006CB656B3 /* Pods_RIBs_Example.framework in Frameworks */ = {isa = PBXBuildFile; fileRef = 3DD1D02918B2786376B4E303 /* Pods_RIBs_Example.framework */; };
/* End PBXBuildFile section */

/* Begin PBXFileReference section */
		0415F51026D4E93200632999 /* AddMemoRouter.swift */ = {isa = PBXFileReference; lastKnownFileType = sourcecode.swift; path = AddMemoRouter.swift; sourceTree = "<group>"; };
		0415F51126D4E93200632999 /* AddMemoViewController.storyboard */ = {isa = PBXFileReference; lastKnownFileType = file.storyboard; path = AddMemoViewController.storyboard; sourceTree = "<group>"; };
		0415F51226D4E93200632999 /* AddMemoViewController.swift */ = {isa = PBXFileReference; lastKnownFileType = sourcecode.swift; path = AddMemoViewController.swift; sourceTree = "<group>"; };
		0415F51326D4E93200632999 /* AddMemoBuilder.swift */ = {isa = PBXFileReference; lastKnownFileType = sourcecode.swift; path = AddMemoBuilder.swift; sourceTree = "<group>"; };
		0415F51426D4E93200632999 /* AddMemoInteractor.swift */ = {isa = PBXFileReference; lastKnownFileType = sourcecode.swift; path = AddMemoInteractor.swift; sourceTree = "<group>"; };
		0469108226D4888400CBDB12 /* RootComponent + LoggedIn.swift */ = {isa = PBXFileReference; lastKnownFileType = sourcecode.swift; path = "RootComponent + LoggedIn.swift"; sourceTree = "<group>"; };
		0469108426D4889B00CBDB12 /* LoggedInRouter.swift */ = {isa = PBXFileReference; lastKnownFileType = sourcecode.swift; path = LoggedInRouter.swift; sourceTree = "<group>"; };
		0469108526D4889B00CBDB12 /* LoggedInBuilder.swift */ = {isa = PBXFileReference; lastKnownFileType = sourcecode.swift; path = LoggedInBuilder.swift; sourceTree = "<group>"; };
		0469108626D4889B00CBDB12 /* LoggedInInteractor.swift */ = {isa = PBXFileReference; lastKnownFileType = sourcecode.swift; path = LoggedInInteractor.swift; sourceTree = "<group>"; };
		0469109426D48E4100CBDB12 /* MemoRouter.swift */ = {isa = PBXFileReference; lastKnownFileType = sourcecode.swift; path = MemoRouter.swift; sourceTree = "<group>"; };
		0469109526D48E4100CBDB12 /* MemoViewController.storyboard */ = {isa = PBXFileReference; lastKnownFileType = file.storyboard; path = MemoViewController.storyboard; sourceTree = "<group>"; };
		0469109626D48E4100CBDB12 /* MemoViewController.swift */ = {isa = PBXFileReference; lastKnownFileType = sourcecode.swift; path = MemoViewController.swift; sourceTree = "<group>"; };
		0469109726D48E4100CBDB12 /* MemoBuilder.swift */ = {isa = PBXFileReference; lastKnownFileType = sourcecode.swift; path = MemoBuilder.swift; sourceTree = "<group>"; };
		0469109826D48E4100CBDB12 /* MemoInteractor.swift */ = {isa = PBXFileReference; lastKnownFileType = sourcecode.swift; path = MemoInteractor.swift; sourceTree = "<group>"; };
		0469109E26D48F4400CBDB12 /* LoggedInComponent + Memo.swift */ = {isa = PBXFileReference; lastKnownFileType = sourcecode.swift; path = "LoggedInComponent + Memo.swift"; sourceTree = "<group>"; };
		046910A026D4930D00CBDB12 /* StoryboardInstantiate.swift */ = {isa = PBXFileReference; lastKnownFileType = sourcecode.swift; path = StoryboardInstantiate.swift; sourceTree = "<group>"; };
		046910A226D49D2B00CBDB12 /* Extension + UINavigationController.swift */ = {isa = PBXFileReference; lastKnownFileType = sourcecode.swift; path = "Extension + UINavigationController.swift"; sourceTree = "<group>"; };
		046910A426D49FDA00CBDB12 /* Memo.swift */ = {isa = PBXFileReference; lastKnownFileType = sourcecode.swift; path = Memo.swift; sourceTree = "<group>"; };
		046910A626D4A01E00CBDB12 /* MemoTableViewCell.swift */ = {isa = PBXFileReference; lastKnownFileType = sourcecode.swift; path = MemoTableViewCell.swift; sourceTree = "<group>"; };
		046910A926D4B61D00CBDB12 /* MemoData.swift */ = {isa = PBXFileReference; lastKnownFileType = sourcecode.swift; path = MemoData.swift; sourceTree = "<group>"; };
		04AE51D826CCD25C00174D96 /* RIBs Example.app */ = {isa = PBXFileReference; explicitFileType = wrapper.application; includeInIndex = 0; path = "RIBs Example.app"; sourceTree = BUILT_PRODUCTS_DIR; };
		04AE51DB26CCD25C00174D96 /* AppDelegate.swift */ = {isa = PBXFileReference; lastKnownFileType = sourcecode.swift; path = AppDelegate.swift; sourceTree = "<group>"; };
		04AE51DD26CCD25C00174D96 /* SceneDelegate.swift */ = {isa = PBXFileReference; lastKnownFileType = sourcecode.swift; path = SceneDelegate.swift; sourceTree = "<group>"; };
		04AE51E426CCD26400174D96 /* Assets.xcassets */ = {isa = PBXFileReference; lastKnownFileType = folder.assetcatalog; path = Assets.xcassets; sourceTree = "<group>"; };
		04AE51E726CCD26400174D96 /* Base */ = {isa = PBXFileReference; lastKnownFileType = file.storyboard; name = Base; path = Base.lproj/LaunchScreen.storyboard; sourceTree = "<group>"; };
		04AE51E926CCD26400174D96 /* Info.plist */ = {isa = PBXFileReference; lastKnownFileType = text.plist.xml; path = Info.plist; sourceTree = "<group>"; };
		04AE51EF26CCD62300174D96 /* LoggedOutRouter.swift */ = {isa = PBXFileReference; lastKnownFileType = sourcecode.swift; path = LoggedOutRouter.swift; sourceTree = "<group>"; };
		04AE51F026CCD62300174D96 /* LoggedOutViewController.storyboard */ = {isa = PBXFileReference; lastKnownFileType = file.storyboard; path = LoggedOutViewController.storyboard; sourceTree = "<group>"; };
		04AE51F126CCD62300174D96 /* LoggedOutViewController.swift */ = {isa = PBXFileReference; lastKnownFileType = sourcecode.swift; path = LoggedOutViewController.swift; sourceTree = "<group>"; };
		04AE51F226CCD62300174D96 /* LoggedOutBuilder.swift */ = {isa = PBXFileReference; lastKnownFileType = sourcecode.swift; path = LoggedOutBuilder.swift; sourceTree = "<group>"; };
		04AE51F326CCD62300174D96 /* LoggedOutInteractor.swift */ = {isa = PBXFileReference; lastKnownFileType = sourcecode.swift; path = LoggedOutInteractor.swift; sourceTree = "<group>"; };
		04AE520826CCDF1700174D96 /* AppComponent.swift */ = {isa = PBXFileReference; lastKnownFileType = sourcecode.swift; path = AppComponent.swift; sourceTree = "<group>"; };
		04AE521A26CCF77000174D96 /* RootRouter.swift */ = {isa = PBXFileReference; lastKnownFileType = sourcecode.swift; path = RootRouter.swift; sourceTree = "<group>"; };
		04AE521B26CCF77000174D96 /* RootViewController.swift */ = {isa = PBXFileReference; lastKnownFileType = sourcecode.swift; path = RootViewController.swift; sourceTree = "<group>"; };
		04AE521C26CCF77000174D96 /* RootBuilder.swift */ = {isa = PBXFileReference; lastKnownFileType = sourcecode.swift; path = RootBuilder.swift; sourceTree = "<group>"; };
		04AE521D26CCF77000174D96 /* RootInteractor.swift */ = {isa = PBXFileReference; lastKnownFileType = sourcecode.swift; path = RootInteractor.swift; sourceTree = "<group>"; };
		04AE522226CCF7A500174D96 /* RootComponent + LoggedOut.swift */ = {isa = PBXFileReference; lastKnownFileType = sourcecode.swift; path = "RootComponent + LoggedOut.swift"; sourceTree = "<group>"; };
		3DD1D02918B2786376B4E303 /* Pods_RIBs_Example.framework */ = {isa = PBXFileReference; explicitFileType = wrapper.framework; includeInIndex = 0; path = Pods_RIBs_Example.framework; sourceTree = BUILT_PRODUCTS_DIR; };
		45130C68DF45672F8DBB9691 /* Pods-RIBs Example.debug.xcconfig */ = {isa = PBXFileReference; includeInIndex = 1; lastKnownFileType = text.xcconfig; name = "Pods-RIBs Example.debug.xcconfig"; path = "Target Support Files/Pods-RIBs Example/Pods-RIBs Example.debug.xcconfig"; sourceTree = "<group>"; };
		9BB7D6276308D6440C1379FC /* Pods-RIBs Example.release.xcconfig */ = {isa = PBXFileReference; includeInIndex = 1; lastKnownFileType = text.xcconfig; name = "Pods-RIBs Example.release.xcconfig"; path = "Target Support Files/Pods-RIBs Example/Pods-RIBs Example.release.xcconfig"; sourceTree = "<group>"; };
/* End PBXFileReference section */

/* Begin PBXFrameworksBuildPhase section */
		04AE51D526CCD25C00174D96 /* Frameworks */ = {
			isa = PBXFrameworksBuildPhase;
			buildActionMask = 2147483647;
			files = (
				886827D848E8F4006CB656B3 /* Pods_RIBs_Example.framework in Frameworks */,
			);
			runOnlyForDeploymentPostprocessing = 0;
		};
/* End PBXFrameworksBuildPhase section */

/* Begin PBXGroup section */
		0415F50F26D4E91200632999 /* AddMemo */ = {
			isa = PBXGroup;
			children = (
				0415F51126D4E93200632999 /* AddMemoViewController.storyboard */,
				0415F51026D4E93200632999 /* AddMemoRouter.swift */,
				0415F51226D4E93200632999 /* AddMemoViewController.swift */,
				0415F51326D4E93200632999 /* AddMemoBuilder.swift */,
				0415F51426D4E93200632999 /* AddMemoInteractor.swift */,
			);
			path = AddMemo;
			sourceTree = "<group>";
		};
		0469108126D4884900CBDB12 /* LoggedIn */ = {
			isa = PBXGroup;
			children = (
				0469108426D4889B00CBDB12 /* LoggedInRouter.swift */,
				0469108526D4889B00CBDB12 /* LoggedInBuilder.swift */,
				0469108626D4889B00CBDB12 /* LoggedInInteractor.swift */,
				0469109E26D48F4400CBDB12 /* LoggedInComponent + Memo.swift */,
				046910A226D49D2B00CBDB12 /* Extension + UINavigationController.swift */,
			);
			path = LoggedIn;
			sourceTree = "<group>";
		};
		0469109326D48DCF00CBDB12 /* Memo */ = {
			isa = PBXGroup;
			children = (
				0469109526D48E4100CBDB12 /* MemoViewController.storyboard */,
				0469109426D48E4100CBDB12 /* MemoRouter.swift */,
				0469109626D48E4100CBDB12 /* MemoViewController.swift */,
				0469109726D48E4100CBDB12 /* MemoBuilder.swift */,
				0469109826D48E4100CBDB12 /* MemoInteractor.swift */,
				046910A426D49FDA00CBDB12 /* Memo.swift */,
				046910A626D4A01E00CBDB12 /* MemoTableViewCell.swift */,
			);
			path = Memo;
			sourceTree = "<group>";
		};
		04AE51CF26CCD25C00174D96 = {
			isa = PBXGroup;
			children = (
				04AE51DA26CCD25C00174D96 /* RIBs Example */,
				04AE51D926CCD25C00174D96 /* Products */,
				22CA3435E6CC145A64728B93 /* Pods */,
				E1F5782F9DEE9B66C6E52106 /* Frameworks */,
			);
			sourceTree = "<group>";
		};
		04AE51D926CCD25C00174D96 /* Products */ = {
			isa = PBXGroup;
			children = (
				04AE51D826CCD25C00174D96 /* RIBs Example.app */,
			);
			name = Products;
			sourceTree = "<group>";
		};
		04AE51DA26CCD25C00174D96 /* RIBs Example */ = {
			isa = PBXGroup;
			children = (
				04AE520726CCDF0700174D96 /* AppStart */,
				04C934A326CE457300CF8EA4 /* Memo */,
				04AE51E426CCD26400174D96 /* Assets.xcassets */,
				04AE51E626CCD26400174D96 /* LaunchScreen.storyboard */,
				04AE51E926CCD26400174D96 /* Info.plist */,
			);
			path = "RIBs Example";
			sourceTree = "<group>";
		};
		04AE51F926CCD63000174D96 /* LoggedOut */ = {
			isa = PBXGroup;
			children = (
				04AE51F026CCD62300174D96 /* LoggedOutViewController.storyboard */,
				04AE51EF26CCD62300174D96 /* LoggedOutRouter.swift */,
				04AE51F126CCD62300174D96 /* LoggedOutViewController.swift */,
				04AE51F226CCD62300174D96 /* LoggedOutBuilder.swift */,
				04AE51F326CCD62300174D96 /* LoggedOutInteractor.swift */,
			);
			path = LoggedOut;
			sourceTree = "<group>";
		};
		04AE51FA26CCD86500174D96 /* Root */ = {
			isa = PBXGroup;
			children = (
				04AE521A26CCF77000174D96 /* RootRouter.swift */,
				04AE521B26CCF77000174D96 /* RootViewController.swift */,
				04AE521C26CCF77000174D96 /* RootBuilder.swift */,
				04AE521D26CCF77000174D96 /* RootInteractor.swift */,
				04AE522226CCF7A500174D96 /* RootComponent + LoggedOut.swift */,
				0469108226D4888400CBDB12 /* RootComponent + LoggedIn.swift */,
			);
			path = Root;
			sourceTree = "<group>";
		};
		04AE520726CCDF0700174D96 /* AppStart */ = {
			isa = PBXGroup;
			children = (
				04AE51DD26CCD25C00174D96 /* SceneDelegate.swift */,
				04AE51DB26CCD25C00174D96 /* AppDelegate.swift */,
				04AE520826CCDF1700174D96 /* AppComponent.swift */,
			);
			path = AppStart;
			sourceTree = "<group>";
		};
		04C934A326CE457300CF8EA4 /* Memo */ = {
			isa = PBXGroup;
			children = (
				04AE51FA26CCD86500174D96 /* Root */,
				04AE51F926CCD63000174D96 /* LoggedOut */,
				0469108126D4884900CBDB12 /* LoggedIn */,
				0469109326D48DCF00CBDB12 /* Memo */,
				0415F50F26D4E91200632999 /* AddMemo */,
				046910A926D4B61D00CBDB12 /* MemoData.swift */,
				046910A026D4930D00CBDB12 /* StoryboardInstantiate.swift */,
			);
			path = Memo;
			sourceTree = "<group>";
		};
		22CA3435E6CC145A64728B93 /* Pods */ = {
			isa = PBXGroup;
			children = (
				45130C68DF45672F8DBB9691 /* Pods-RIBs Example.debug.xcconfig */,
				9BB7D6276308D6440C1379FC /* Pods-RIBs Example.release.xcconfig */,
			);
			path = Pods;
			sourceTree = "<group>";
		};
		E1F5782F9DEE9B66C6E52106 /* Frameworks */ = {
			isa = PBXGroup;
			children = (
				3DD1D02918B2786376B4E303 /* Pods_RIBs_Example.framework */,
			);
			name = Frameworks;
			sourceTree = "<group>";
		};
/* End PBXGroup section */

/* Begin PBXNativeTarget section */
		04AE51D726CCD25C00174D96 /* RIBs Example */ = {
			isa = PBXNativeTarget;
			buildConfigurationList = 04AE51EC26CCD26400174D96 /* Build configuration list for PBXNativeTarget "RIBs Example" */;
			buildPhases = (
				9CD90FFC16B858436D2FB119 /* [CP] Check Pods Manifest.lock */,
				04AE51D426CCD25C00174D96 /* Sources */,
				04AE51D526CCD25C00174D96 /* Frameworks */,
				04AE51D626CCD25C00174D96 /* Resources */,
				41554093C718F173A0A1416A /* [CP] Embed Pods Frameworks */,
			);
			buildRules = (
			);
			dependencies = (
			);
			name = "RIBs Example";
			productName = "RIBs Example";
			productReference = 04AE51D826CCD25C00174D96 /* RIBs Example.app */;
			productType = "com.apple.product-type.application";
		};
/* End PBXNativeTarget section */

/* Begin PBXProject section */
		04AE51D026CCD25C00174D96 /* Project object */ = {
			isa = PBXProject;
			attributes = {
				LastSwiftUpdateCheck = 1250;
				LastUpgradeCheck = 1250;
				TargetAttributes = {
					04AE51D726CCD25C00174D96 = {
						CreatedOnToolsVersion = 12.5.1;
					};
				};
			};
			buildConfigurationList = 04AE51D326CCD25C00174D96 /* Build configuration list for PBXProject "RIBs Example" */;
			compatibilityVersion = "Xcode 9.3";
			developmentRegion = en;
			hasScannedForEncodings = 0;
			knownRegions = (
				en,
				Base,
			);
			mainGroup = 04AE51CF26CCD25C00174D96;
			productRefGroup = 04AE51D926CCD25C00174D96 /* Products */;
			projectDirPath = "";
			projectRoot = "";
			targets = (
				04AE51D726CCD25C00174D96 /* RIBs Example */,
			);
		};
/* End PBXProject section */

/* Begin PBXResourcesBuildPhase section */
		04AE51D626CCD25C00174D96 /* Resources */ = {
			isa = PBXResourcesBuildPhase;
			buildActionMask = 2147483647;
			files = (
				0415F51626D4E93200632999 /* AddMemoViewController.storyboard in Resources */,
				04AE51E826CCD26400174D96 /* LaunchScreen.storyboard in Resources */,
				0469109A26D48E4100CBDB12 /* MemoViewController.storyboard in Resources */,
				04AE51E526CCD26400174D96 /* Assets.xcassets in Resources */,
				04AE51F526CCD62300174D96 /* LoggedOutViewController.storyboard in Resources */,
			);
			runOnlyForDeploymentPostprocessing = 0;
		};
/* End PBXResourcesBuildPhase section */

/* Begin PBXShellScriptBuildPhase section */
		41554093C718F173A0A1416A /* [CP] Embed Pods Frameworks */ = {
			isa = PBXShellScriptBuildPhase;
			buildActionMask = 2147483647;
			files = (
			);
			inputFileListPaths = (
				"${PODS_ROOT}/Target Support Files/Pods-RIBs Example/Pods-RIBs Example-frameworks-${CONFIGURATION}-input-files.xcfilelist",
			);
			name = "[CP] Embed Pods Frameworks";
			outputFileListPaths = (
				"${PODS_ROOT}/Target Support Files/Pods-RIBs Example/Pods-RIBs Example-frameworks-${CONFIGURATION}-output-files.xcfilelist",
			);
			runOnlyForDeploymentPostprocessing = 0;
			shellPath = /bin/sh;
			shellScript = "\"${PODS_ROOT}/Target Support Files/Pods-RIBs Example/Pods-RIBs Example-frameworks.sh\"\n";
			showEnvVarsInLog = 0;
		};
		9CD90FFC16B858436D2FB119 /* [CP] Check Pods Manifest.lock */ = {
			isa = PBXShellScriptBuildPhase;
			buildActionMask = 2147483647;
			files = (
			);
			inputFileListPaths = (
			);
			inputPaths = (
				"${PODS_PODFILE_DIR_PATH}/Podfile.lock",
				"${PODS_ROOT}/Manifest.lock",
			);
			name = "[CP] Check Pods Manifest.lock";
			outputFileListPaths = (
			);
			outputPaths = (
				"$(DERIVED_FILE_DIR)/Pods-RIBs Example-checkManifestLockResult.txt",
			);
			runOnlyForDeploymentPostprocessing = 0;
			shellPath = /bin/sh;
			shellScript = "diff \"${PODS_PODFILE_DIR_PATH}/Podfile.lock\" \"${PODS_ROOT}/Manifest.lock\" > /dev/null\nif [ $? != 0 ] ; then\n    # print error to STDERR\n    echo \"error: The sandbox is not in sync with the Podfile.lock. Run 'pod install' or update your CocoaPods installation.\" >&2\n    exit 1\nfi\n# This output is used by Xcode 'outputs' to avoid re-running this script phase.\necho \"SUCCESS\" > \"${SCRIPT_OUTPUT_FILE_0}\"\n";
			showEnvVarsInLog = 0;
		};
/* End PBXShellScriptBuildPhase section */

/* Begin PBXSourcesBuildPhase section */
		04AE51D426CCD25C00174D96 /* Sources */ = {
			isa = PBXSourcesBuildPhase;
			buildActionMask = 2147483647;
			files = (
				0469109F26D48F4400CBDB12 /* LoggedInComponent + Memo.swift in Sources */,
				04AE521E26CCF77000174D96 /* RootRouter.swift in Sources */,
				04AE51DC26CCD25C00174D96 /* AppDelegate.swift in Sources */,
				046910A526D49FDA00CBDB12 /* Memo.swift in Sources */,
				0415F51726D4E93200632999 /* AddMemoViewController.swift in Sources */,
				0469109C26D48E4100CBDB12 /* MemoBuilder.swift in Sources */,
				046910A726D4A01E00CBDB12 /* MemoTableViewCell.swift in Sources */,
				04AE522126CCF77000174D96 /* RootInteractor.swift in Sources */,
				0415F51826D4E93200632999 /* AddMemoBuilder.swift in Sources */,
				046910AA26D4B61D00CBDB12 /* MemoData.swift in Sources */,
				046910A326D49D2B00CBDB12 /* Extension + UINavigationController.swift in Sources */,
				04AE521F26CCF77000174D96 /* RootViewController.swift in Sources */,
				0469108826D4889B00CBDB12 /* LoggedInBuilder.swift in Sources */,
				04AE51F726CCD62300174D96 /* LoggedOutBuilder.swift in Sources */,
				0469108326D4888400CBDB12 /* RootComponent + LoggedIn.swift in Sources */,
				046910A126D4930D00CBDB12 /* StoryboardInstantiate.swift in Sources */,
				0469109926D48E4100CBDB12 /* MemoRouter.swift in Sources */,
				0469109B26D48E4100CBDB12 /* MemoViewController.swift in Sources */,
				0469108926D4889B00CBDB12 /* LoggedInInteractor.swift in Sources */,
				04AE51DE26CCD25C00174D96 /* SceneDelegate.swift in Sources */,
				0415F51926D4E93200632999 /* AddMemoInteractor.swift in Sources */,
				0415F51526D4E93200632999 /* AddMemoRouter.swift in Sources */,
				04AE51F426CCD62300174D96 /* LoggedOutRouter.swift in Sources */,
				04AE520926CCDF1700174D96 /* AppComponent.swift in Sources */,
				0469108726D4889B00CBDB12 /* LoggedInRouter.swift in Sources */,
				04AE522026CCF77000174D96 /* RootBuilder.swift in Sources */,
				0469109D26D48E4100CBDB12 /* MemoInteractor.swift in Sources */,
				04AE51F826CCD62300174D96 /* LoggedOutInteractor.swift in Sources */,
				04AE522326CCF7A500174D96 /* RootComponent + LoggedOut.swift in Sources */,
				04AE51F626CCD62300174D96 /* LoggedOutViewController.swift in Sources */,
			);
			runOnlyForDeploymentPostprocessing = 0;
		};
/* End PBXSourcesBuildPhase section */

/* Begin PBXVariantGroup section */
		04AE51E626CCD26400174D96 /* LaunchScreen.storyboard */ = {
			isa = PBXVariantGroup;
			children = (
				04AE51E726CCD26400174D96 /* Base */,
			);
			name = LaunchScreen.storyboard;
			sourceTree = "<group>";
		};
/* End PBXVariantGroup section */

/* Begin XCBuildConfiguration section */
		04AE51EA26CCD26400174D96 /* Debug */ = {
			isa = XCBuildConfiguration;
			buildSettings = {
				ALWAYS_SEARCH_USER_PATHS = NO;
				CLANG_ANALYZER_NONNULL = YES;
				CLANG_ANALYZER_NUMBER_OBJECT_CONVERSION = YES_AGGRESSIVE;
				CLANG_CXX_LANGUAGE_STANDARD = "gnu++14";
				CLANG_CXX_LIBRARY = "libc++";
				CLANG_ENABLE_MODULES = YES;
				CLANG_ENABLE_OBJC_ARC = YES;
				CLANG_ENABLE_OBJC_WEAK = YES;
				CLANG_WARN_BLOCK_CAPTURE_AUTORELEASING = YES;
				CLANG_WARN_BOOL_CONVERSION = YES;
				CLANG_WARN_COMMA = YES;
				CLANG_WARN_CONSTANT_CONVERSION = YES;
				CLANG_WARN_DEPRECATED_OBJC_IMPLEMENTATIONS = YES;
				CLANG_WARN_DIRECT_OBJC_ISA_USAGE = YES_ERROR;
				CLANG_WARN_DOCUMENTATION_COMMENTS = YES;
				CLANG_WARN_EMPTY_BODY = YES;
				CLANG_WARN_ENUM_CONVERSION = YES;
				CLANG_WARN_INFINITE_RECURSION = YES;
				CLANG_WARN_INT_CONVERSION = YES;
				CLANG_WARN_NON_LITERAL_NULL_CONVERSION = YES;
				CLANG_WARN_OBJC_IMPLICIT_RETAIN_SELF = YES;
				CLANG_WARN_OBJC_LITERAL_CONVERSION = YES;
				CLANG_WARN_OBJC_ROOT_CLASS = YES_ERROR;
				CLANG_WARN_QUOTED_INCLUDE_IN_FRAMEWORK_HEADER = YES;
				CLANG_WARN_RANGE_LOOP_ANALYSIS = YES;
				CLANG_WARN_STRICT_PROTOTYPES = YES;
				CLANG_WARN_SUSPICIOUS_MOVE = YES;
				CLANG_WARN_UNGUARDED_AVAILABILITY = YES_AGGRESSIVE;
				CLANG_WARN_UNREACHABLE_CODE = YES;
				CLANG_WARN__DUPLICATE_METHOD_MATCH = YES;
				COPY_PHASE_STRIP = NO;
				DEBUG_INFORMATION_FORMAT = dwarf;
				ENABLE_STRICT_OBJC_MSGSEND = YES;
				ENABLE_TESTABILITY = YES;
				GCC_C_LANGUAGE_STANDARD = gnu11;
				GCC_DYNAMIC_NO_PIC = NO;
				GCC_NO_COMMON_BLOCKS = YES;
				GCC_OPTIMIZATION_LEVEL = 0;
				GCC_PREPROCESSOR_DEFINITIONS = (
					"DEBUG=1",
					"$(inherited)",
				);
				GCC_WARN_64_TO_32_BIT_CONVERSION = YES;
				GCC_WARN_ABOUT_RETURN_TYPE = YES_ERROR;
				GCC_WARN_UNDECLARED_SELECTOR = YES;
				GCC_WARN_UNINITIALIZED_AUTOS = YES_AGGRESSIVE;
				GCC_WARN_UNUSED_FUNCTION = YES;
				GCC_WARN_UNUSED_VARIABLE = YES;
				IPHONEOS_DEPLOYMENT_TARGET = 13.0;
				MTL_ENABLE_DEBUG_INFO = INCLUDE_SOURCE;
				MTL_FAST_MATH = YES;
				ONLY_ACTIVE_ARCH = YES;
				SDKROOT = iphoneos;
				SWIFT_ACTIVE_COMPILATION_CONDITIONS = DEBUG;
				SWIFT_OPTIMIZATION_LEVEL = "-Onone";
			};
			name = Debug;
		};
		04AE51EB26CCD26400174D96 /* Release */ = {
			isa = XCBuildConfiguration;
			buildSettings = {
				ALWAYS_SEARCH_USER_PATHS = NO;
				CLANG_ANALYZER_NONNULL = YES;
				CLANG_ANALYZER_NUMBER_OBJECT_CONVERSION = YES_AGGRESSIVE;
				CLANG_CXX_LANGUAGE_STANDARD = "gnu++14";
				CLANG_CXX_LIBRARY = "libc++";
				CLANG_ENABLE_MODULES = YES;
				CLANG_ENABLE_OBJC_ARC = YES;
				CLANG_ENABLE_OBJC_WEAK = YES;
				CLANG_WARN_BLOCK_CAPTURE_AUTORELEASING = YES;
				CLANG_WARN_BOOL_CONVERSION = YES;
				CLANG_WARN_COMMA = YES;
				CLANG_WARN_CONSTANT_CONVERSION = YES;
				CLANG_WARN_DEPRECATED_OBJC_IMPLEMENTATIONS = YES;
				CLANG_WARN_DIRECT_OBJC_ISA_USAGE = YES_ERROR;
				CLANG_WARN_DOCUMENTATION_COMMENTS = YES;
				CLANG_WARN_EMPTY_BODY = YES;
				CLANG_WARN_ENUM_CONVERSION = YES;
				CLANG_WARN_INFINITE_RECURSION = YES;
				CLANG_WARN_INT_CONVERSION = YES;
				CLANG_WARN_NON_LITERAL_NULL_CONVERSION = YES;
				CLANG_WARN_OBJC_IMPLICIT_RETAIN_SELF = YES;
				CLANG_WARN_OBJC_LITERAL_CONVERSION = YES;
				CLANG_WARN_OBJC_ROOT_CLASS = YES_ERROR;
				CLANG_WARN_QUOTED_INCLUDE_IN_FRAMEWORK_HEADER = YES;
				CLANG_WARN_RANGE_LOOP_ANALYSIS = YES;
				CLANG_WARN_STRICT_PROTOTYPES = YES;
				CLANG_WARN_SUSPICIOUS_MOVE = YES;
				CLANG_WARN_UNGUARDED_AVAILABILITY = YES_AGGRESSIVE;
				CLANG_WARN_UNREACHABLE_CODE = YES;
				CLANG_WARN__DUPLICATE_METHOD_MATCH = YES;
				COPY_PHASE_STRIP = NO;
				DEBUG_INFORMATION_FORMAT = "dwarf-with-dsym";
				ENABLE_NS_ASSERTIONS = NO;
				ENABLE_STRICT_OBJC_MSGSEND = YES;
				GCC_C_LANGUAGE_STANDARD = gnu11;
				GCC_NO_COMMON_BLOCKS = YES;
				GCC_WARN_64_TO_32_BIT_CONVERSION = YES;
				GCC_WARN_ABOUT_RETURN_TYPE = YES_ERROR;
				GCC_WARN_UNDECLARED_SELECTOR = YES;
				GCC_WARN_UNINITIALIZED_AUTOS = YES_AGGRESSIVE;
				GCC_WARN_UNUSED_FUNCTION = YES;
				GCC_WARN_UNUSED_VARIABLE = YES;
				IPHONEOS_DEPLOYMENT_TARGET = 13.0;
				MTL_ENABLE_DEBUG_INFO = NO;
				MTL_FAST_MATH = YES;
				SDKROOT = iphoneos;
				SWIFT_COMPILATION_MODE = wholemodule;
				SWIFT_OPTIMIZATION_LEVEL = "-O";
				VALIDATE_PRODUCT = YES;
			};
			name = Release;
		};
		04AE51ED26CCD26400174D96 /* Debug */ = {
			isa = XCBuildConfiguration;
			baseConfigurationReference = 45130C68DF45672F8DBB9691 /* Pods-RIBs Example.debug.xcconfig */;
			buildSettings = {
				ASSETCATALOG_COMPILER_APPICON_NAME = AppIcon;
				ASSETCATALOG_COMPILER_GLOBAL_ACCENT_COLOR_NAME = AccentColor;
				CODE_SIGN_STYLE = Automatic;
				DEVELOPMENT_TEAM = 2F54VR68GM;
				INFOPLIST_FILE = "RIBs Example/Info.plist";
				LD_RUNPATH_SEARCH_PATHS = (
					"$(inherited)",
					"@executable_path/Frameworks",
				);
				PRODUCT_BUNDLE_IDENTIFIER = "com.fomagran.RIBs-Example";
				PRODUCT_NAME = "$(TARGET_NAME)";
				SWIFT_VERSION = 5.0;
				TARGETED_DEVICE_FAMILY = "1,2";
			};
			name = Debug;
		};
		04AE51EE26CCD26400174D96 /* Release */ = {
			isa = XCBuildConfiguration;
			baseConfigurationReference = 9BB7D6276308D6440C1379FC /* Pods-RIBs Example.release.xcconfig */;
			buildSettings = {
				ASSETCATALOG_COMPILER_APPICON_NAME = AppIcon;
				ASSETCATALOG_COMPILER_GLOBAL_ACCENT_COLOR_NAME = AccentColor;
				CODE_SIGN_STYLE = Automatic;
				DEVELOPMENT_TEAM = 2F54VR68GM;
				INFOPLIST_FILE = "RIBs Example/Info.plist";
				LD_RUNPATH_SEARCH_PATHS = (
					"$(inherited)",
					"@executable_path/Frameworks",
				);
				PRODUCT_BUNDLE_IDENTIFIER = "com.fomagran.RIBs-Example";
				PRODUCT_NAME = "$(TARGET_NAME)";
				SWIFT_VERSION = 5.0;
				TARGETED_DEVICE_FAMILY = "1,2";
			};
			name = Release;
		};
/* End XCBuildConfiguration section */

/* Begin XCConfigurationList section */
		04AE51D326CCD25C00174D96 /* Build configuration list for PBXProject "RIBs Example" */ = {
			isa = XCConfigurationList;
			buildConfigurations = (
				04AE51EA26CCD26400174D96 /* Debug */,
				04AE51EB26CCD26400174D96 /* Release */,
			);
			defaultConfigurationIsVisible = 0;
			defaultConfigurationName = Release;
		};
		04AE51EC26CCD26400174D96 /* Build configuration list for PBXNativeTarget "RIBs Example" */ = {
			isa = XCConfigurationList;
			buildConfigurations = (
				04AE51ED26CCD26400174D96 /* Debug */,
				04AE51EE26CCD26400174D96 /* Release */,
			);
			defaultConfigurationIsVisible = 0;
			defaultConfigurationName = Release;
		};
/* End XCConfigurationList section */
	};
	rootObject = 04AE51D026CCD25C00174D96 /* Project object */;
}
